// !$*UTF8*$!
{
	archiveVersion = 1;
	classes = {
	};
	objectVersion = 46;
	objects = {

/* Begin PBXBuildFile section */
		1766E5F819E9BD25004B3249 /* CoreBluetooth.framework in Frameworks */ = {isa = PBXBuildFile; fileRef = 1766E5F719E9BD25004B3249 /* CoreBluetooth.framework */; };
		1766E5FA19E9BD2F004B3249 /* CoreLocation.framework in Frameworks */ = {isa = PBXBuildFile; fileRef = 1766E5F919E9BD2F004B3249 /* CoreLocation.framework */; };
		1766E5FC19E9BD39004B3249 /* SystemConfiguration.framework in Frameworks */ = {isa = PBXBuildFile; fileRef = 1766E5FB19E9BD39004B3249 /* SystemConfiguration.framework */; };
		1766E5FE19E9BFF2004B3249 /* Firebase.framework in Frameworks */ = {isa = PBXBuildFile; fileRef = 1766E5FD19E9BFF2004B3249 /* Firebase.framework */; };
		1766E60019E9C029004B3249 /* libicucore.dylib in Frameworks */ = {isa = PBXBuildFile; fileRef = 1766E5FF19E9C029004B3249 /* libicucore.dylib */; };
		1766E60219E9C03A004B3249 /* CFNetwork.framework in Frameworks */ = {isa = PBXBuildFile; fileRef = 1766E60119E9C03A004B3249 /* CFNetwork.framework */; };
		1766E60419E9C049004B3249 /* libc++.dylib in Frameworks */ = {isa = PBXBuildFile; fileRef = 1766E60319E9C049004B3249 /* libc++.dylib */; };
		1766E60619E9C055004B3249 /* Security.framework in Frameworks */ = {isa = PBXBuildFile; fileRef = 1766E60519E9C055004B3249 /* Security.framework */; };
		1766E61319EB1842004B3249 /* libEstimoteSDK.a in Frameworks */ = {isa = PBXBuildFile; fileRef = 1766E61219EB1842004B3249 /* libEstimoteSDK.a */; };
		17D7459219D11986003AF0F0 /* main.m in Sources */ = {isa = PBXBuildFile; fileRef = 17D7459119D11986003AF0F0 /* main.m */; };
		17D7459519D11986003AF0F0 /* AppDelegate.m in Sources */ = {isa = PBXBuildFile; fileRef = 17D7459419D11986003AF0F0 /* AppDelegate.m */; };
		17D7459819D11986003AF0F0 /* GameplayViewController.m in Sources */ = {isa = PBXBuildFile; fileRef = 17D7459719D11986003AF0F0 /* GameplayViewController.m */; };
		17D7459B19D11986003AF0F0 /* Main.storyboard in Resources */ = {isa = PBXBuildFile; fileRef = 17D7459919D11986003AF0F0 /* Main.storyboard */; };
		17D7459D19D11986003AF0F0 /* Images.xcassets in Resources */ = {isa = PBXBuildFile; fileRef = 17D7459C19D11986003AF0F0 /* Images.xcassets */; };
		17D745A019D11986003AF0F0 /* LaunchScreen.xib in Resources */ = {isa = PBXBuildFile; fileRef = 17D7459E19D11986003AF0F0 /* LaunchScreen.xib */; };
		17D745AC19D11986003AF0F0 /* JoobeeTests.m in Sources */ = {isa = PBXBuildFile; fileRef = 17D745AB19D11986003AF0F0 /* JoobeeTests.m */; };
/* End PBXBuildFile section */

/* Begin PBXContainerItemProxy section */
		17D745A619D11986003AF0F0 /* PBXContainerItemProxy */ = {
			isa = PBXContainerItemProxy;
			containerPortal = 17D7458419D11986003AF0F0 /* Project object */;
			proxyType = 1;
			remoteGlobalIDString = 17D7458B19D11986003AF0F0;
			remoteInfo = Joobee;
		};
/* End PBXContainerItemProxy section */

/* Begin PBXFileReference section */
		1766E5F719E9BD25004B3249 /* CoreBluetooth.framework */ = {isa = PBXFileReference; lastKnownFileType = wrapper.framework; name = CoreBluetooth.framework; path = System/Library/Frameworks/CoreBluetooth.framework; sourceTree = SDKROOT; };
		1766E5F919E9BD2F004B3249 /* CoreLocation.framework */ = {isa = PBXFileReference; lastKnownFileType = wrapper.framework; name = CoreLocation.framework; path = System/Library/Frameworks/CoreLocation.framework; sourceTree = SDKROOT; };
		1766E5FB19E9BD39004B3249 /* SystemConfiguration.framework */ = {isa = PBXFileReference; lastKnownFileType = wrapper.framework; name = SystemConfiguration.framework; path = System/Library/Frameworks/SystemConfiguration.framework; sourceTree = SDKROOT; };
		1766E5FD19E9BFF2004B3249 /* Firebase.framework */ = {isa = PBXFileReference; lastKnownFileType = wrapper.framework; path = Firebase.framework; sourceTree = "<group>"; };
		1766E5FF19E9C029004B3249 /* libicucore.dylib */ = {isa = PBXFileReference; lastKnownFileType = "compiled.mach-o.dylib"; name = libicucore.dylib; path = usr/lib/libicucore.dylib; sourceTree = SDKROOT; };
		1766E60119E9C03A004B3249 /* CFNetwork.framework */ = {isa = PBXFileReference; lastKnownFileType = wrapper.framework; name = CFNetwork.framework; path = System/Library/Frameworks/CFNetwork.framework; sourceTree = SDKROOT; };
		1766E60319E9C049004B3249 /* libc++.dylib */ = {isa = PBXFileReference; lastKnownFileType = "compiled.mach-o.dylib"; name = "libc++.dylib"; path = "usr/lib/libc++.dylib"; sourceTree = SDKROOT; };
		1766E60519E9C055004B3249 /* Security.framework */ = {isa = PBXFileReference; lastKnownFileType = wrapper.framework; name = Security.framework; path = System/Library/Frameworks/Security.framework; sourceTree = SDKROOT; };
		1766E60B19EB1842004B3249 /* ESTBeacon.h */ = {isa = PBXFileReference; fileEncoding = 4; lastKnownFileType = sourcecode.c.h; path = ESTBeacon.h; sourceTree = "<group>"; };
		1766E60C19EB1842004B3249 /* ESTBeaconDefinitions.h */ = {isa = PBXFileReference; fileEncoding = 4; lastKnownFileType = sourcecode.c.h; path = ESTBeaconDefinitions.h; sourceTree = "<group>"; };
		1766E60D19EB1842004B3249 /* ESTBeaconFirmwareInfoVO.h */ = {isa = PBXFileReference; fileEncoding = 4; lastKnownFileType = sourcecode.c.h; path = ESTBeaconFirmwareInfoVO.h; sourceTree = "<group>"; };
		1766E60E19EB1842004B3249 /* ESTBeaconFirmwareVO.h */ = {isa = PBXFileReference; fileEncoding = 4; lastKnownFileType = sourcecode.c.h; path = ESTBeaconFirmwareVO.h; sourceTree = "<group>"; };
		1766E60F19EB1842004B3249 /* ESTBeaconManager.h */ = {isa = PBXFileReference; fileEncoding = 4; lastKnownFileType = sourcecode.c.h; path = ESTBeaconManager.h; sourceTree = "<group>"; };
		1766E61019EB1842004B3249 /* ESTBeaconRegion.h */ = {isa = PBXFileReference; fileEncoding = 4; lastKnownFileType = sourcecode.c.h; path = ESTBeaconRegion.h; sourceTree = "<group>"; };
		1766E61119EB1842004B3249 /* ESTBeaconVO.h */ = {isa = PBXFileReference; fileEncoding = 4; lastKnownFileType = sourcecode.c.h; path = ESTBeaconVO.h; sourceTree = "<group>"; };
		1766E61219EB1842004B3249 /* libEstimoteSDK.a */ = {isa = PBXFileReference; lastKnownFileType = archive.ar; path = libEstimoteSDK.a; sourceTree = "<group>"; };
		17D7458C19D11986003AF0F0 /* Joobee.app */ = {isa = PBXFileReference; explicitFileType = wrapper.application; includeInIndex = 0; path = Joobee.app; sourceTree = BUILT_PRODUCTS_DIR; };
		17D7459019D11986003AF0F0 /* Info.plist */ = {isa = PBXFileReference; lastKnownFileType = text.plist.xml; path = Info.plist; sourceTree = "<group>"; };
		17D7459119D11986003AF0F0 /* main.m */ = {isa = PBXFileReference; lastKnownFileType = sourcecode.c.objc; path = main.m; sourceTree = "<group>"; };
		17D7459319D11986003AF0F0 /* AppDelegate.h */ = {isa = PBXFileReference; lastKnownFileType = sourcecode.c.h; path = AppDelegate.h; sourceTree = "<group>"; };
		17D7459419D11986003AF0F0 /* AppDelegate.m */ = {isa = PBXFileReference; lastKnownFileType = sourcecode.c.objc; path = AppDelegate.m; sourceTree = "<group>"; };
		17D7459619D11986003AF0F0 /* GameplayViewController.h */ = {isa = PBXFileReference; lastKnownFileType = sourcecode.c.h; path = GameplayViewController.h; sourceTree = "<group>"; };
		17D7459719D11986003AF0F0 /* GameplayViewController.m */ = {isa = PBXFileReference; lastKnownFileType = sourcecode.c.objc; path = GameplayViewController.m; sourceTree = "<group>"; };
		17D7459A19D11986003AF0F0 /* Base */ = {isa = PBXFileReference; lastKnownFileType = file.storyboard; name = Base; path = Base.lproj/Main.storyboard; sourceTree = "<group>"; };
		17D7459C19D11986003AF0F0 /* Images.xcassets */ = {isa = PBXFileReference; lastKnownFileType = folder.assetcatalog; path = Images.xcassets; sourceTree = "<group>"; };
		17D7459F19D11986003AF0F0 /* Base */ = {isa = PBXFileReference; lastKnownFileType = file.xib; name = Base; path = Base.lproj/LaunchScreen.xib; sourceTree = "<group>"; };
		17D745A519D11986003AF0F0 /* JoobeeTests.xctest */ = {isa = PBXFileReference; explicitFileType = wrapper.cfbundle; includeInIndex = 0; path = JoobeeTests.xctest; sourceTree = BUILT_PRODUCTS_DIR; };
		17D745AA19D11986003AF0F0 /* Info.plist */ = {isa = PBXFileReference; lastKnownFileType = text.plist.xml; path = Info.plist; sourceTree = "<group>"; };
		17D745AB19D11986003AF0F0 /* JoobeeTests.m */ = {isa = PBXFileReference; lastKnownFileType = sourcecode.c.objc; path = JoobeeTests.m; sourceTree = "<group>"; };
/* End PBXFileReference section */

/* Begin PBXFrameworksBuildPhase section */
		17D7458919D11986003AF0F0 /* Frameworks */ = {
			isa = PBXFrameworksBuildPhase;
			buildActionMask = 2147483647;
			files = (
				1766E60619E9C055004B3249 /* Security.framework in Frameworks */,
				1766E60419E9C049004B3249 /* libc++.dylib in Frameworks */,
				1766E60219E9C03A004B3249 /* CFNetwork.framework in Frameworks */,
				1766E60019E9C029004B3249 /* libicucore.dylib in Frameworks */,
				1766E5FE19E9BFF2004B3249 /* Firebase.framework in Frameworks */,
				1766E5FC19E9BD39004B3249 /* SystemConfiguration.framework in Frameworks */,
				1766E61319EB1842004B3249 /* libEstimoteSDK.a in Frameworks */,
				1766E5FA19E9BD2F004B3249 /* CoreLocation.framework in Frameworks */,
				1766E5F819E9BD25004B3249 /* CoreBluetooth.framework in Frameworks */,
			);
			runOnlyForDeploymentPostprocessing = 0;
		};
		17D745A219D11986003AF0F0 /* Frameworks */ = {
			isa = PBXFrameworksBuildPhase;
			buildActionMask = 2147483647;
			files = (
			);
			runOnlyForDeploymentPostprocessing = 0;
		};
/* End PBXFrameworksBuildPhase section */

/* Begin PBXGroup section */
		1766E60919EB1842004B3249 /* EstimoteSDK */ = {
			isa = PBXGroup;
			children = (
				1766E60A19EB1842004B3249 /* Headers */,
				1766E61219EB1842004B3249 /* libEstimoteSDK.a */,
			);
			path = EstimoteSDK;
			sourceTree = "<group>";
		};
		1766E60A19EB1842004B3249 /* Headers */ = {
			isa = PBXGroup;
			children = (
				1766E60B19EB1842004B3249 /* ESTBeacon.h */,
				1766E60C19EB1842004B3249 /* ESTBeaconDefinitions.h */,
				1766E60D19EB1842004B3249 /* ESTBeaconFirmwareInfoVO.h */,
				1766E60E19EB1842004B3249 /* ESTBeaconFirmwareVO.h */,
				1766E60F19EB1842004B3249 /* ESTBeaconManager.h */,
				1766E61019EB1842004B3249 /* ESTBeaconRegion.h */,
				1766E61119EB1842004B3249 /* ESTBeaconVO.h */,
			);
			path = Headers;
			sourceTree = "<group>";
		};
		17D7458319D11986003AF0F0 = {
			isa = PBXGroup;
			children = (
				17D7458E19D11986003AF0F0 /* Joobee */,
				17D745A819D11986003AF0F0 /* JoobeeTests */,
				17D7458D19D11986003AF0F0 /* Products */,
				594A7C2496327814C08E6F55 /* Frameworks */,
			);
			sourceTree = "<group>";
		};
		17D7458D19D11986003AF0F0 /* Products */ = {
			isa = PBXGroup;
			children = (
				17D7458C19D11986003AF0F0 /* Joobee.app */,
				17D745A519D11986003AF0F0 /* JoobeeTests.xctest */,
			);
			name = Products;
			sourceTree = "<group>";
		};
		17D7458E19D11986003AF0F0 /* Joobee */ = {
			isa = PBXGroup;
			children = (
				17D7459319D11986003AF0F0 /* AppDelegate.h */,
				17D7459419D11986003AF0F0 /* AppDelegate.m */,
				17D7459619D11986003AF0F0 /* GameplayViewController.h */,
				17D7459719D11986003AF0F0 /* GameplayViewController.m */,
				17D7459919D11986003AF0F0 /* Main.storyboard */,
				17D7459C19D11986003AF0F0 /* Images.xcassets */,
				17D7459E19D11986003AF0F0 /* LaunchScreen.xib */,
				17D7458F19D11986003AF0F0 /* Supporting Files */,
			);
			path = Joobee;
			sourceTree = "<group>";
		};
		17D7458F19D11986003AF0F0 /* Supporting Files */ = {
			isa = PBXGroup;
			children = (
				17D7459019D11986003AF0F0 /* Info.plist */,
				17D7459119D11986003AF0F0 /* main.m */,
			);
			name = "Supporting Files";
			sourceTree = "<group>";
		};
		17D745A819D11986003AF0F0 /* JoobeeTests */ = {
			isa = PBXGroup;
			children = (
				17D745AB19D11986003AF0F0 /* JoobeeTests.m */,
				17D745A919D11986003AF0F0 /* Supporting Files */,
			);
			path = JoobeeTests;
			sourceTree = "<group>";
		};
		17D745A919D11986003AF0F0 /* Supporting Files */ = {
			isa = PBXGroup;
			children = (
				17D745AA19D11986003AF0F0 /* Info.plist */,
			);
			name = "Supporting Files";
			sourceTree = "<group>";
		};
		594A7C2496327814C08E6F55 /* Frameworks */ = {
			isa = PBXGroup;
			children = (
				1766E60919EB1842004B3249 /* EstimoteSDK */,
				1766E60519E9C055004B3249 /* Security.framework */,
				1766E60319E9C049004B3249 /* libc++.dylib */,
				1766E60119E9C03A004B3249 /* CFNetwork.framework */,
				1766E5FF19E9C029004B3249 /* libicucore.dylib */,
				1766E5FD19E9BFF2004B3249 /* Firebase.framework */,
				1766E5FB19E9BD39004B3249 /* SystemConfiguration.framework */,
				1766E5F919E9BD2F004B3249 /* CoreLocation.framework */,
				1766E5F719E9BD25004B3249 /* CoreBluetooth.framework */,
			);
			name = Frameworks;
			sourceTree = "<group>";
		};
/* End PBXGroup section */

/* Begin PBXNativeTarget section */
		17D7458B19D11986003AF0F0 /* Joobee */ = {
			isa = PBXNativeTarget;
			buildConfigurationList = 17D745AF19D11986003AF0F0 /* Build configuration list for PBXNativeTarget "Joobee" */;
			buildPhases = (
				17D7458819D11986003AF0F0 /* Sources */,
				17D7458919D11986003AF0F0 /* Frameworks */,
				17D7458A19D11986003AF0F0 /* Resources */,
			);
			buildRules = (
			);
			dependencies = (
			);
			name = Joobee;
			productName = Joobee;
			productReference = 17D7458C19D11986003AF0F0 /* Joobee.app */;
			productType = "com.apple.product-type.application";
		};
		17D745A419D11986003AF0F0 /* JoobeeTests */ = {
			isa = PBXNativeTarget;
			buildConfigurationList = 17D745B219D11986003AF0F0 /* Build configuration list for PBXNativeTarget "JoobeeTests" */;
			buildPhases = (
				17D745A119D11986003AF0F0 /* Sources */,
				17D745A219D11986003AF0F0 /* Frameworks */,
				17D745A319D11986003AF0F0 /* Resources */,
			);
			buildRules = (
			);
			dependencies = (
				17D745A719D11986003AF0F0 /* PBXTargetDependency */,
			);
			name = JoobeeTests;
			productName = JoobeeTests;
			productReference = 17D745A519D11986003AF0F0 /* JoobeeTests.xctest */;
			productType = "com.apple.product-type.bundle.unit-test";
		};
/* End PBXNativeTarget section */

/* Begin PBXProject section */
		17D7458419D11986003AF0F0 /* Project object */ = {
			isa = PBXProject;
			attributes = {
				LastUpgradeCheck = 0600;
				ORGANIZATIONNAME = Byjor;
				TargetAttributes = {
					17D7458B19D11986003AF0F0 = {
						CreatedOnToolsVersion = 6.0;
					};
					17D745A419D11986003AF0F0 = {
						CreatedOnToolsVersion = 6.0;
						TestTargetID = 17D7458B19D11986003AF0F0;
					};
				};
			};
			buildConfigurationList = 17D7458719D11986003AF0F0 /* Build configuration list for PBXProject "Joobee" */;
			compatibilityVersion = "Xcode 3.2";
			developmentRegion = English;
			hasScannedForEncodings = 0;
			knownRegions = (
				en,
				Base,
			);
			mainGroup = 17D7458319D11986003AF0F0;
			productRefGroup = 17D7458D19D11986003AF0F0 /* Products */;
			projectDirPath = "";
			projectRoot = "";
			targets = (
				17D7458B19D11986003AF0F0 /* Joobee */,
				17D745A419D11986003AF0F0 /* JoobeeTests */,
			);
		};
/* End PBXProject section */

/* Begin PBXResourcesBuildPhase section */
		17D7458A19D11986003AF0F0 /* Resources */ = {
			isa = PBXResourcesBuildPhase;
			buildActionMask = 2147483647;
			files = (
				17D7459B19D11986003AF0F0 /* Main.storyboard in Resources */,
				17D745A019D11986003AF0F0 /* LaunchScreen.xib in Resources */,
				17D7459D19D11986003AF0F0 /* Images.xcassets in Resources */,
			);
			runOnlyForDeploymentPostprocessing = 0;
		};
		17D745A319D11986003AF0F0 /* Resources */ = {
			isa = PBXResourcesBuildPhase;
			buildActionMask = 2147483647;
			files = (
			);
			runOnlyForDeploymentPostprocessing = 0;
		};
/* End PBXResourcesBuildPhase section */

/* Begin PBXSourcesBuildPhase section */
		17D7458819D11986003AF0F0 /* Sources */ = {
			isa = PBXSourcesBuildPhase;
			buildActionMask = 2147483647;
			files = (
				17D7459819D11986003AF0F0 /* GameplayViewController.m in Sources */,
				17D7459519D11986003AF0F0 /* AppDelegate.m in Sources */,
				17D7459219D11986003AF0F0 /* main.m in Sources */,
			);
			runOnlyForDeploymentPostprocessing = 0;
		};
		17D745A119D11986003AF0F0 /* Sources */ = {
			isa = PBXSourcesBuildPhase;
			buildActionMask = 2147483647;
			files = (
				17D745AC19D11986003AF0F0 /* JoobeeTests.m in Sources */,
			);
			runOnlyForDeploymentPostprocessing = 0;
		};
/* End PBXSourcesBuildPhase section */

/* Begin PBXTargetDependency section */
		17D745A719D11986003AF0F0 /* PBXTargetDependency */ = {
			isa = PBXTargetDependency;
			target = 17D7458B19D11986003AF0F0 /* Joobee */;
			targetProxy = 17D745A619D11986003AF0F0 /* PBXContainerItemProxy */;
		};
/* End PBXTargetDependency section */

/* Begin PBXVariantGroup section */
		17D7459919D11986003AF0F0 /* Main.storyboard */ = {
			isa = PBXVariantGroup;
			children = (
				17D7459A19D11986003AF0F0 /* Base */,
			);
			name = Main.storyboard;
			sourceTree = "<group>";
		};
		17D7459E19D11986003AF0F0 /* LaunchScreen.xib */ = {
			isa = PBXVariantGroup;
			children = (
				17D7459F19D11986003AF0F0 /* Base */,
			);
			name = LaunchScreen.xib;
			sourceTree = "<group>";
		};
/* End PBXVariantGroup section */

/* Begin XCBuildConfiguration section */
		17D745AD19D11986003AF0F0 /* Debug */ = {
			isa = XCBuildConfiguration;
			buildSettings = {
				ALWAYS_SEARCH_USER_PATHS = NO;
				CLANG_CXX_LANGUAGE_STANDARD = "gnu++0x";
				CLANG_CXX_LIBRARY = "libc++";
				CLANG_ENABLE_MODULES = YES;
				CLANG_ENABLE_OBJC_ARC = YES;
				CLANG_WARN_BOOL_CONVERSION = YES;
				CLANG_WARN_CONSTANT_CONVERSION = YES;
				CLANG_WARN_DIRECT_OBJC_ISA_USAGE = YES_ERROR;
				CLANG_WARN_EMPTY_BODY = YES;
				CLANG_WARN_ENUM_CONVERSION = YES;
				CLANG_WARN_INT_CONVERSION = YES;
				CLANG_WARN_OBJC_ROOT_CLASS = YES_ERROR;
				CLANG_WARN_UNREACHABLE_CODE = YES;
				CLANG_WARN__DUPLICATE_METHOD_MATCH = YES;
				"CODE_SIGN_IDENTITY[sdk=iphoneos*]" = "iPhone Developer";
				COPY_PHASE_STRIP = NO;
				ENABLE_STRICT_OBJC_MSGSEND = YES;
				GCC_C_LANGUAGE_STANDARD = gnu99;
				GCC_DYNAMIC_NO_PIC = NO;
				GCC_OPTIMIZATION_LEVEL = 0;
				GCC_PREPROCESSOR_DEFINITIONS = (
					"DEBUG=1",
					"$(inherited)",
				);
				GCC_SYMBOLS_PRIVATE_EXTERN = NO;
				GCC_WARN_64_TO_32_BIT_CONVERSION = YES;
				GCC_WARN_ABOUT_RETURN_TYPE = YES_ERROR;
				GCC_WARN_UNDECLARED_SELECTOR = YES;
				GCC_WARN_UNINITIALIZED_AUTOS = YES_AGGRESSIVE;
				GCC_WARN_UNUSED_FUNCTION = YES;
				GCC_WARN_UNUSED_VARIABLE = YES;
				IPHONEOS_DEPLOYMENT_TARGET = 8.0;
				MTL_ENABLE_DEBUG_INFO = YES;
				ONLY_ACTIVE_ARCH = YES;
				SDKROOT = iphoneos;
			};
			name = Debug;
		};
		17D745AE19D11986003AF0F0 /* Release */ = {
			isa = XCBuildConfiguration;
			buildSettings = {
				ALWAYS_SEARCH_USER_PATHS = NO;
				CLANG_CXX_LANGUAGE_STANDARD = "gnu++0x";
				CLANG_CXX_LIBRARY = "libc++";
				CLANG_ENABLE_MODULES = YES;
				CLANG_ENABLE_OBJC_ARC = YES;
				CLANG_WARN_BOOL_CONVERSION = YES;
				CLANG_WARN_CONSTANT_CONVERSION = YES;
				CLANG_WARN_DIRECT_OBJC_ISA_USAGE = YES_ERROR;
				CLANG_WARN_EMPTY_BODY = YES;
				CLANG_WARN_ENUM_CONVERSION = YES;
				CLANG_WARN_INT_CONVERSION = YES;
				CLANG_WARN_OBJC_ROOT_CLASS = YES_ERROR;
				CLANG_WARN_UNREACHABLE_CODE = YES;
				CLANG_WARN__DUPLICATE_METHOD_MATCH = YES;
				"CODE_SIGN_IDENTITY[sdk=iphoneos*]" = "iPhone Developer";
				COPY_PHASE_STRIP = YES;
				ENABLE_NS_ASSERTIONS = NO;
				ENABLE_STRICT_OBJC_MSGSEND = YES;
				GCC_C_LANGUAGE_STANDARD = gnu99;
				GCC_WARN_64_TO_32_BIT_CONVERSION = YES;
				GCC_WARN_ABOUT_RETURN_TYPE = YES_ERROR;
				GCC_WARN_UNDECLARED_SELECTOR = YES;
				GCC_WARN_UNINITIALIZED_AUTOS = YES_AGGRESSIVE;
				GCC_WARN_UNUSED_FUNCTION = YES;
				GCC_WARN_UNUSED_VARIABLE = YES;
				IPHONEOS_DEPLOYMENT_TARGET = 8.0;
				MTL_ENABLE_DEBUG_INFO = NO;
				SDKROOT = iphoneos;
				VALIDATE_PRODUCT = YES;
			};
			name = Release;
		};
		17D745B019D11986003AF0F0 /* Debug */ = {
			isa = XCBuildConfiguration;
			buildSettings = {
				ASSETCATALOG_COMPILER_APPICON_NAME = AppIcon;
				FRAMEWORK_SEARCH_PATHS = (
					"$(inherited)",
					"$(PROJECT_DIR)",
				);
				HEADER_SEARCH_PATHS = "\"${PODS_ROOT}/Headers/Public\"";
				INFOPLIST_FILE = Joobee/Info.plist;
				LD_RUNPATH_SEARCH_PATHS = "$(inherited) @executable_path/Frameworks";
				LIBRARY_SEARCH_PATHS = "$(PROJECT_DIR)/EstimoteSDK";
				OTHER_LDFLAGS = (
					"-ObjC",
					"-framework",
					"\"CoreLocation\"",
					"-framework",
					"\"Foundation\"",
					"-framework",
					"\"MobileCoreServices\"",
					"-framework",
					"\"SystemConfiguration\"",
					"-framework",
					"\"UIKit\"",
				);
				PRODUCT_NAME = "$(TARGET_NAME)";
			};
			name = Debug;
		};
		17D745B119D11986003AF0F0 /* Release */ = {
			isa = XCBuildConfiguration;
			buildSettings = {
				ASSETCATALOG_COMPILER_APPICON_NAME = AppIcon;
				FRAMEWORK_SEARCH_PATHS = (
					"$(inherited)",
					"$(PROJECT_DIR)",
				);
				HEADER_SEARCH_PATHS = "\"${PODS_ROOT}/Headers/Public\"";
				INFOPLIST_FILE = Joobee/Info.plist;
				LD_RUNPATH_SEARCH_PATHS = "$(inherited) @executable_path/Frameworks";
				LIBRARY_SEARCH_PATHS = "$(PROJECT_DIR)/EstimoteSDK";
				OTHER_LDFLAGS = (
					"-ObjC",
					"-framework",
					"\"CoreLocation\"",
					"-framework",
					"\"Foundation\"",
					"-framework",
					"\"MobileCoreServices\"",
					"-framework",
					"\"SystemConfiguration\"",
					"-framework",
					"\"UIKit\"",
				);
				PRODUCT_NAME = "$(TARGET_NAME)";
			};
			name = Release;
		};
		17D745B319D11986003AF0F0 /* Debug */ = {
			isa = XCBuildConfiguration;
			buildSettings = {
				BUNDLE_LOADER = "$(TEST_HOST)";
				FRAMEWORK_SEARCH_PATHS = (
					"$(SDKROOT)/Developer/Library/Frameworks",
					"$(inherited)",
				);
				GCC_PREPROCESSOR_DEFINITIONS = (
					"DEBUG=1",
					"$(inherited)",
				);
				INFOPLIST_FILE = JoobeeTests/Info.plist;
				LD_RUNPATH_SEARCH_PATHS = "$(inherited) @executable_path/Frameworks @loader_path/Frameworks";
				PRODUCT_NAME = "$(TARGET_NAME)";
				TEST_HOST = "$(BUILT_PRODUCTS_DIR)/Joobee.app/Joobee";
			};
			name = Debug;
		};
		17D745B419D11986003AF0F0 /* Release */ = {
			isa = XCBuildConfiguration;
			buildSettings = {
				BUNDLE_LOADER = "$(TEST_HOST)";
				FRAMEWORK_SEARCH_PATHS = (
					"$(SDKROOT)/Developer/Library/Frameworks",
					"$(inherited)",
				);
				INFOPLIST_FILE = JoobeeTests/Info.plist;
				LD_RUNPATH_SEARCH_PATHS = "$(inherited) @executable_path/Frameworks @loader_path/Frameworks";
				PRODUCT_NAME = "$(TARGET_NAME)";
				TEST_HOST = "$(BUILT_PRODUCTS_DIR)/Joobee.app/Joobee";
			};
			name = Release;
		};
/* End XCBuildConfiguration section */

/* Begin XCConfigurationList section */
		17D7458719D11986003AF0F0 /* Build configuration list for PBXProject "Joobee" */ = {
			isa = XCConfigurationList;
			buildConfigurations = (
				17D745AD19D11986003AF0F0 /* Debug */,
				17D745AE19D11986003AF0F0 /* Release */,
			);
			defaultConfigurationIsVisible = 0;
			defaultConfigurationName = Release;
		};
		17D745AF19D11986003AF0F0 /* Build configuration list for PBXNativeTarget "Joobee" */ = {
			isa = XCConfigurationList;
			buildConfigurations = (
				17D745B019D11986003AF0F0 /* Debug */,
				17D745B119D11986003AF0F0 /* Release */,
			);
			defaultConfigurationIsVisible = 0;
			defaultConfigurationName = Release;
		};
		17D745B219D11986003AF0F0 /* Build configuration list for PBXNativeTarget "JoobeeTests" */ = {
			isa = XCConfigurationList;
			buildConfigurations = (
				17D745B319D11986003AF0F0 /* Debug */,
				17D745B419D11986003AF0F0 /* Release */,
			);
			defaultConfigurationIsVisible = 0;
			defaultConfigurationName = Release;
		};
/* End XCConfigurationList section */
	};
	rootObject = 17D7458419D11986003AF0F0 /* Project object */;
}
